
Microsoft Visual Studio Solution File, Format Version 12.00
Project("{FAE04EC0-301F-11D3-BF4B-00C04F79EFBC}") = "Downloader", "Downloader\Downloader.csproj", "{53FA8D3F-AE42-4AD5-96B5-D5C9ABA9EA36}"
EndProject
Global
	GlobalSection(SolutionConfigurationPlatforms) = preSolution
		Debug|Any CPU = Debug|Any CPU
		Release|Any CPU = Release|Any CPU
	EndGlobalSection
	GlobalSection(ProjectConfigurationPlatforms) = postSolution
		{53FA8D3F-AE42-4AD5-96B5-D5C9ABA9EA36}.Debug|Any CPU.ActiveCfg = Debug|Any CPU
		{53FA8D3F-AE42-4AD5-96B5-D5C9ABA9EA36}.Debug|Any CPU.Build.0 = Debug|Any CPU
		{53FA8D3F-AE42-4AD5-96B5-D5C9ABA9EA36}.Release|Any CPU.ActiveCfg = Release|Any CPU
		{53FA8D3F-AE42-4AD5-96B5-D5C9ABA9EA36}.Release|Any CPU.Build.0 = Release|Any CPU
	EndGlobalSection
EndGlobal
